
Microsoft Visual Studio Solution File, Format Version 12.00
# Visual Studio Version 16
VisualStudioVersion = 16.0.30320.27
MinimumVisualStudioVersion = 10.0.40219.1
Project("{FAE04EC0-301F-11D3-BF4B-00C04F79EFBC}") = "ImageViewer", "ImageViewer\ImageViewer.csproj", "{C5957343-E870-40F0-9A44-65FA5ED284EF}"
EndProject
Project("{FAE04EC0-301F-11D3-BF4B-00C04F79EFBC}") = "Flicker", "Flicker\Flicker.csproj", "{90501211-D2CC-4D96-B86A-80DDBAA0EFF8}"
EndProject
Project("{FAE04EC0-301F-11D3-BF4B-00C04F79EFBC}") = "Infrastructure", "Infrastructure\Infrastructure.csproj", "{5807393D-1544-4BA9-BC55-1DE83E63BAD4}"
EndProject
Project("{FAE04EC0-301F-11D3-BF4B-00C04F79EFBC}") = "ImageProvider", "ImageProvider\ImageProvider.csproj", "{80DFDA89-308A-48F9-A3CB-44D8EA07BDCF}"
EndProject
Project("{C7167F0D-BC9F-4E6E-AFE1-012C56B48DB5}") = "ImageViewerPackager", "ImageViewerPackager\ImageViewerPackager.wapproj", "{950B89A6-EB63-4DFC-93A1-2C9F3A3862CB}"
EndProject
Project("{2150E333-8FDC-42A3-9474-1A3956D46DE8}") = "CI", "CI", "{D8AB7E8E-1B4D-47DE-AB24-B69F4C7F3A90}"
	ProjectSection(SolutionItems) = preProject
		.github\workflows\ImageViewer.yml = .github\workflows\ImageViewer.yml
	EndProjectSection
EndProject
Global
	GlobalSection(SolutionConfigurationPlatforms) = preSolution
		Debug|Any CPU = Debug|Any CPU
		Debug|ARM = Debug|ARM
		Debug|ARM64 = Debug|ARM64
		Debug|x64 = Debug|x64
		Debug|x86 = Debug|x86
		Release|Any CPU = Release|Any CPU
		Release|ARM = Release|ARM
		Release|ARM64 = Release|ARM64
		Release|x64 = Release|x64
		Release|x86 = Release|x86
	EndGlobalSection
	GlobalSection(ProjectConfigurationPlatforms) = postSolution
		{C5957343-E870-40F0-9A44-65FA5ED284EF}.Debug|Any CPU.ActiveCfg = Debug|Any CPU
		{C5957343-E870-40F0-9A44-65FA5ED284EF}.Debug|Any CPU.Build.0 = Debug|Any CPU
		{C5957343-E870-40F0-9A44-65FA5ED284EF}.Debug|ARM.ActiveCfg = Debug|Any CPU
		{C5957343-E870-40F0-9A44-65FA5ED284EF}.Debug|ARM.Build.0 = Debug|Any CPU
		{C5957343-E870-40F0-9A44-65FA5ED284EF}.Debug|ARM64.ActiveCfg = Debug|Any CPU
		{C5957343-E870-40F0-9A44-65FA5ED284EF}.Debug|ARM64.Build.0 = Debug|Any CPU
		{C5957343-E870-40F0-9A44-65FA5ED284EF}.Debug|x64.ActiveCfg = Debug|Any CPU
		{C5957343-E870-40F0-9A44-65FA5ED284EF}.Debug|x64.Build.0 = Debug|Any CPU
		{C5957343-E870-40F0-9A44-65FA5ED284EF}.Debug|x86.ActiveCfg = Debug|Any CPU
		{C5957343-E870-40F0-9A44-65FA5ED284EF}.Debug|x86.Build.0 = Debug|Any CPU
		{C5957343-E870-40F0-9A44-65FA5ED284EF}.Release|Any CPU.ActiveCfg = Release|Any CPU
		{C5957343-E870-40F0-9A44-65FA5ED284EF}.Release|Any CPU.Build.0 = Release|Any CPU
		{C5957343-E870-40F0-9A44-65FA5ED284EF}.Release|ARM.ActiveCfg = Release|Any CPU
		{C5957343-E870-40F0-9A44-65FA5ED284EF}.Release|ARM.Build.0 = Release|Any CPU
		{C5957343-E870-40F0-9A44-65FA5ED284EF}.Release|ARM64.ActiveCfg = Release|Any CPU
		{C5957343-E870-40F0-9A44-65FA5ED284EF}.Release|ARM64.Build.0 = Release|Any CPU
		{C5957343-E870-40F0-9A44-65FA5ED284EF}.Release|x64.ActiveCfg = Release|Any CPU
		{C5957343-E870-40F0-9A44-65FA5ED284EF}.Release|x64.Build.0 = Release|Any CPU
		{C5957343-E870-40F0-9A44-65FA5ED284EF}.Release|x86.ActiveCfg = Release|Any CPU
		{C5957343-E870-40F0-9A44-65FA5ED284EF}.Release|x86.Build.0 = Release|Any CPU
		{90501211-D2CC-4D96-B86A-80DDBAA0EFF8}.Debug|Any CPU.ActiveCfg = Debug|Any CPU
		{90501211-D2CC-4D96-B86A-80DDBAA0EFF8}.Debug|Any CPU.Build.0 = Debug|Any CPU
		{90501211-D2CC-4D96-B86A-80DDBAA0EFF8}.Debug|ARM.ActiveCfg = Debug|Any CPU
		{90501211-D2CC-4D96-B86A-80DDBAA0EFF8}.Debug|ARM.Build.0 = Debug|Any CPU
		{90501211-D2CC-4D96-B86A-80DDBAA0EFF8}.Debug|ARM64.ActiveCfg = Debug|Any CPU
		{90501211-D2CC-4D96-B86A-80DDBAA0EFF8}.Debug|ARM64.Build.0 = Debug|Any CPU
		{90501211-D2CC-4D96-B86A-80DDBAA0EFF8}.Debug|x64.ActiveCfg = Debug|Any CPU
		{90501211-D2CC-4D96-B86A-80DDBAA0EFF8}.Debug|x64.Build.0 = Debug|Any CPU
		{90501211-D2CC-4D96-B86A-80DDBAA0EFF8}.Debug|x86.ActiveCfg = Debug|Any CPU
		{90501211-D2CC-4D96-B86A-80DDBAA0EFF8}.Debug|x86.Build.0 = Debug|Any CPU
		{90501211-D2CC-4D96-B86A-80DDBAA0EFF8}.Release|Any CPU.ActiveCfg = Release|Any CPU
		{90501211-D2CC-4D96-B86A-80DDBAA0EFF8}.Release|Any CPU.Build.0 = Release|Any CPU
		{90501211-D2CC-4D96-B86A-80DDBAA0EFF8}.Release|ARM.ActiveCfg = Release|Any CPU
		{90501211-D2CC-4D96-B86A-80DDBAA0EFF8}.Release|ARM.Build.0 = Release|Any CPU
		{90501211-D2CC-4D96-B86A-80DDBAA0EFF8}.Release|ARM64.ActiveCfg = Release|Any CPU
		{90501211-D2CC-4D96-B86A-80DDBAA0EFF8}.Release|ARM64.Build.0 = Release|Any CPU
		{90501211-D2CC-4D96-B86A-80DDBAA0EFF8}.Release|x64.ActiveCfg = Release|Any CPU
		{90501211-D2CC-4D96-B86A-80DDBAA0EFF8}.Release|x64.Build.0 = Release|Any CPU
		{90501211-D2CC-4D96-B86A-80DDBAA0EFF8}.Release|x86.ActiveCfg = Release|Any CPU
		{90501211-D2CC-4D96-B86A-80DDBAA0EFF8}.Release|x86.Build.0 = Release|Any CPU
		{5807393D-1544-4BA9-BC55-1DE83E63BAD4}.Debug|Any CPU.ActiveCfg = Debug|Any CPU
		{5807393D-1544-4BA9-BC55-1DE83E63BAD4}.Debug|Any CPU.Build.0 = Debug|Any CPU
		{5807393D-1544-4BA9-BC55-1DE83E63BAD4}.Debug|ARM.ActiveCfg = Debug|Any CPU
		{5807393D-1544-4BA9-BC55-1DE83E63BAD4}.Debug|ARM.Build.0 = Debug|Any CPU
		{5807393D-1544-4BA9-BC55-1DE83E63BAD4}.Debug|ARM64.ActiveCfg = Debug|Any CPU
		{5807393D-1544-4BA9-BC55-1DE83E63BAD4}.Debug|ARM64.Build.0 = Debug|Any CPU
		{5807393D-1544-4BA9-BC55-1DE83E63BAD4}.Debug|x64.ActiveCfg = Debug|Any CPU
		{5807393D-1544-4BA9-BC55-1DE83E63BAD4}.Debug|x64.Build.0 = Debug|Any CPU
		{5807393D-1544-4BA9-BC55-1DE83E63BAD4}.Debug|x86.ActiveCfg = Debug|Any CPU
		{5807393D-1544-4BA9-BC55-1DE83E63BAD4}.Debug|x86.Build.0 = Debug|Any CPU
		{5807393D-1544-4BA9-BC55-1DE83E63BAD4}.Release|Any CPU.ActiveCfg = Release|Any CPU
		{5807393D-1544-4BA9-BC55-1DE83E63BAD4}.Release|Any CPU.Build.0 = Release|Any CPU
		{5807393D-1544-4BA9-BC55-1DE83E63BAD4}.Release|ARM.ActiveCfg = Release|Any CPU
		{5807393D-1544-4BA9-BC55-1DE83E63BAD4}.Release|ARM.Build.0 = Release|Any CPU
		{5807393D-1544-4BA9-BC55-1DE83E63BAD4}.Release|ARM64.ActiveCfg = Release|Any CPU
		{5807393D-1544-4BA9-BC55-1DE83E63BAD4}.Release|ARM64.Build.0 = Release|Any CPU
		{5807393D-1544-4BA9-BC55-1DE83E63BAD4}.Release|x64.ActiveCfg = Release|Any CPU
		{5807393D-1544-4BA9-BC55-1DE83E63BAD4}.Release|x64.Build.0 = Release|Any CPU
		{5807393D-1544-4BA9-BC55-1DE83E63BAD4}.Release|x86.ActiveCfg = Release|Any CPU
		{5807393D-1544-4BA9-BC55-1DE83E63BAD4}.Release|x86.Build.0 = Release|Any CPU
		{80DFDA89-308A-48F9-A3CB-44D8EA07BDCF}.Debug|Any CPU.ActiveCfg = Debug|Any CPU
		{80DFDA89-308A-48F9-A3CB-44D8EA07BDCF}.Debug|Any CPU.Build.0 = Debug|Any CPU
		{80DFDA89-308A-48F9-A3CB-44D8EA07BDCF}.Debug|ARM.ActiveCfg = Debug|Any CPU
		{80DFDA89-308A-48F9-A3CB-44D8EA07BDCF}.Debug|ARM.Build.0 = Debug|Any CPU
		{80DFDA89-308A-48F9-A3CB-44D8EA07BDCF}.Debug|ARM64.ActiveCfg = Debug|Any CPU
		{80DFDA89-308A-48F9-A3CB-44D8EA07BDCF}.Debug|ARM64.Build.0 = Debug|Any CPU
		{80DFDA89-308A-48F9-A3CB-44D8EA07BDCF}.Debug|x64.ActiveCfg = Debug|Any CPU
		{80DFDA89-308A-48F9-A3CB-44D8EA07BDCF}.Debug|x64.Build.0 = Debug|Any CPU
		{80DFDA89-308A-48F9-A3CB-44D8EA07BDCF}.Debug|x86.ActiveCfg = Debug|Any CPU
		{80DFDA89-308A-48F9-A3CB-44D8EA07BDCF}.Debug|x86.Build.0 = Debug|Any CPU
		{80DFDA89-308A-48F9-A3CB-44D8EA07BDCF}.Release|Any CPU.ActiveCfg = Release|Any CPU
		{80DFDA89-308A-48F9-A3CB-44D8EA07BDCF}.Release|Any CPU.Build.0 = Release|Any CPU
		{80DFDA89-308A-48F9-A3CB-44D8EA07BDCF}.Release|ARM.ActiveCfg = Release|Any CPU
		{80DFDA89-308A-48F9-A3CB-44D8EA07BDCF}.Release|ARM.Build.0 = Release|Any CPU
		{80DFDA89-308A-48F9-A3CB-44D8EA07BDCF}.Release|ARM64.ActiveCfg = Release|Any CPU
		{80DFDA89-308A-48F9-A3CB-44D8EA07BDCF}.Release|ARM64.Build.0 = Release|Any CPU
		{80DFDA89-308A-48F9-A3CB-44D8EA07BDCF}.Release|x64.ActiveCfg = Release|Any CPU
		{80DFDA89-308A-48F9-A3CB-44D8EA07BDCF}.Release|x64.Build.0 = Release|Any CPU
		{80DFDA89-308A-48F9-A3CB-44D8EA07BDCF}.Release|x86.ActiveCfg = Release|Any CPU
		{80DFDA89-308A-48F9-A3CB-44D8EA07BDCF}.Release|x86.Build.0 = Release|Any CPU
		{950B89A6-EB63-4DFC-93A1-2C9F3A3862CB}.Debug|Any CPU.ActiveCfg = Debug|Any CPU
		{950B89A6-EB63-4DFC-93A1-2C9F3A3862CB}.Debug|Any CPU.Build.0 = Debug|Any CPU
		{950B89A6-EB63-4DFC-93A1-2C9F3A3862CB}.Debug|Any CPU.Deploy.0 = Debug|Any CPU
		{950B89A6-EB63-4DFC-93A1-2C9F3A3862CB}.Debug|ARM.ActiveCfg = Debug|ARM
		{950B89A6-EB63-4DFC-93A1-2C9F3A3862CB}.Debug|ARM.Build.0 = Debug|ARM
		{950B89A6-EB63-4DFC-93A1-2C9F3A3862CB}.Debug|ARM.Deploy.0 = Debug|ARM
		{950B89A6-EB63-4DFC-93A1-2C9F3A3862CB}.Debug|ARM64.ActiveCfg = Debug|ARM64
		{950B89A6-EB63-4DFC-93A1-2C9F3A3862CB}.Debug|ARM64.Build.0 = Debug|ARM64
		{950B89A6-EB63-4DFC-93A1-2C9F3A3862CB}.Debug|ARM64.Deploy.0 = Debug|ARM64
		{950B89A6-EB63-4DFC-93A1-2C9F3A3862CB}.Debug|x64.ActiveCfg = Debug|x64
		{950B89A6-EB63-4DFC-93A1-2C9F3A3862CB}.Debug|x64.Build.0 = Debug|x64
		{950B89A6-EB63-4DFC-93A1-2C9F3A3862CB}.Debug|x64.Deploy.0 = Debug|x64
		{950B89A6-EB63-4DFC-93A1-2C9F3A3862CB}.Debug|x86.ActiveCfg = Debug|x86
		{950B89A6-EB63-4DFC-93A1-2C9F3A3862CB}.Debug|x86.Build.0 = Debug|x86
		{950B89A6-EB63-4DFC-93A1-2C9F3A3862CB}.Debug|x86.Deploy.0 = Debug|x86
		{950B89A6-EB63-4DFC-93A1-2C9F3A3862CB}.Release|Any CPU.ActiveCfg = Release|Any CPU
		{950B89A6-EB63-4DFC-93A1-2C9F3A3862CB}.Release|Any CPU.Build.0 = Release|Any CPU
		{950B89A6-EB63-4DFC-93A1-2C9F3A3862CB}.Release|Any CPU.Deploy.0 = Release|Any CPU
		{950B89A6-EB63-4DFC-93A1-2C9F3A3862CB}.Release|ARM.ActiveCfg = Release|ARM
		{950B89A6-EB63-4DFC-93A1-2C9F3A3862CB}.Release|ARM.Build.0 = Release|ARM
		{950B89A6-EB63-4DFC-93A1-2C9F3A3862CB}.Release|ARM.Deploy.0 = Release|ARM
		{950B89A6-EB63-4DFC-93A1-2C9F3A3862CB}.Release|ARM64.ActiveCfg = Release|ARM64
		{950B89A6-EB63-4DFC-93A1-2C9F3A3862CB}.Release|ARM64.Build.0 = Release|ARM64
		{950B89A6-EB63-4DFC-93A1-2C9F3A3862CB}.Release|ARM64.Deploy.0 = Release|ARM64
		{950B89A6-EB63-4DFC-93A1-2C9F3A3862CB}.Release|x64.ActiveCfg = Release|x64
		{950B89A6-EB63-4DFC-93A1-2C9F3A3862CB}.Release|x64.Build.0 = Release|x64
		{950B89A6-EB63-4DFC-93A1-2C9F3A3862CB}.Release|x64.Deploy.0 = Release|x64
		{950B89A6-EB63-4DFC-93A1-2C9F3A3862CB}.Release|x86.ActiveCfg = Release|x86
		{950B89A6-EB63-4DFC-93A1-2C9F3A3862CB}.Release|x86.Build.0 = Release|x86
		{950B89A6-EB63-4DFC-93A1-2C9F3A3862CB}.Release|x86.Deploy.0 = Release|x86
	EndGlobalSection
	GlobalSection(SolutionProperties) = preSolution
		HideSolutionNode = FALSE
	EndGlobalSection
	GlobalSection(ExtensibilityGlobals) = postSolution
		SolutionGuid = {5F704613-C26A-429F-AA93-05C720506C23}
	EndGlobalSection
EndGlobal
